
Microsoft Visual Studio Solution File, Format Version 12.00
# Visual Studio Version 17
VisualStudioVersion = 17.8.34525.116
MinimumVisualStudioVersion = 10.0.40219.1
Project("{9A19103F-16F7-4668-BE54-9A1E7A4F7556}") = "TiposDeDados1", "TiposDeDados1\TiposDeDados1.csproj", "{ED155111-34C4-4448-8947-140A77DA7EB2}"
EndProject
Project("{9A19103F-16F7-4668-BE54-9A1E7A4F7556}") = "TiposDeDados2", "TipoDeDados2\TiposDeDados2.csproj", "{420573C0-D283-47E9-ABCA-CA83B9A7E0B6}"
EndProject
Project("{9A19103F-16F7-4668-BE54-9A1E7A4F7556}") = "TiposDeDados3", "TiposDeDados3\TiposDeDados3.csproj", "{58580B85-2256-4717-91D4-CEB21D52EAF8}"
EndProject
Project("{9A19103F-16F7-4668-BE54-9A1E7A4F7556}") = "TiposDeDados4", "TiposDeDados4\TiposDeDados4.csproj", "{B96F99E6-A5B4-48AA-9BA7-D82C7281AB05}"
EndProject
Project("{9A19103F-16F7-4668-BE54-9A1E7A4F7556}") = "TipoDateTime1", "TipoDateTime1\TipoDateTime1.csproj", "{BC56FDFD-9D44-4D10-9FB7-2CDD6E1F28CF}"
EndProject
Project("{9A19103F-16F7-4668-BE54-9A1E7A4F7556}") = "NullableTypes1", "NullableTypes1\NullableTypes1.csproj", "{EF20BFDE-42EE-45B9-95D1-C4AD514B40B0}"
EndProject
Project("{9A19103F-16F7-4668-BE54-9A1E7A4F7556}") = "Identificadores", "Identificadores\Identificadores.csproj", "{8053196F-B3FF-45E0-9813-7F056F17BD50}"
EndProject
Project("{9A19103F-16F7-4668-BE54-9A1E7A4F7556}") = "SaidaDados", "SaidaDados\SaidaDados.csproj", "{09B4930D-8403-4A08-ADAE-7654E28776FE}"
EndProject
Project("{9A19103F-16F7-4668-BE54-9A1E7A4F7556}") = "SaidaDados2", "SaidaDados2\SaidaDados2.csproj", "{46215599-98FB-4E4E-BCA4-FCD6F3AC00DE}"
EndProject
Project("{9A19103F-16F7-4668-BE54-9A1E7A4F7556}") = "ConversaoTipos1", "ConversaoTipos1\ConversaoTipos1.csproj", "{B79CABF4-A115-4125-83A4-F3AB598A9503}"
EndProject
Project("{9A19103F-16F7-4668-BE54-9A1E7A4F7556}") = "ConversaoTipos2", "ConversaoTipos2\ConversaoTipos2.csproj", "{AD47257E-7E95-4FF0-AFD0-9ED6DC713DB5}"
EndProject
Project("{9A19103F-16F7-4668-BE54-9A1E7A4F7556}") = "EntradaDeDados", "EntradaDeDados\EntradaDeDados.csproj", "{B99B66DB-9E32-4BA7-94AF-1BE58079B1CF}"
EndProject
Project("{9A19103F-16F7-4668-BE54-9A1E7A4F7556}") = "OperadoresAritmeticos", "OperadoresAritmeticos\OperadoresAritmeticos.csproj", "{1699A3FA-A73E-4E77-9B7A-02CF6959F286}"
EndProject
Project("{9A19103F-16F7-4668-BE54-9A1E7A4F7556}") = "InferenciaTipos1", "InferenciaTipos1\InferenciaTipos1.csproj", "{D8F36893-A3CE-4445-889B-A6931F8CC856}"
EndProject
Project("{9A19103F-16F7-4668-BE54-9A1E7A4F7556}") = "OperadoresAtribuicao1", "OperadoresAtribuicao1\OperadoresAtribuicao1.csproj", "{9018F114-4FD6-4CED-B0E7-3DB2B2BEE1D0}"
EndProject
Project("{9A19103F-16F7-4668-BE54-9A1E7A4F7556}") = "Constantes1", "Constantes1\Constantes1.csproj", "{DB554E91-5E48-4B8B-AD91-F99AB13ECF5F}"
EndProject
Project("{9A19103F-16F7-4668-BE54-9A1E7A4F7556}") = "OperadoresIncrementoDecremento1", "OperadoresIncrementoDecremento1\OperadoresIncrementoDecremento1.csproj", "{1E97B436-DEB6-402D-92E6-1C4686F473C5}"
EndProject
Project("{9A19103F-16F7-4668-BE54-9A1E7A4F7556}") = "OperadoresRelacionais", "OperadoresRelacionais\OperadoresRelacionais.csproj", "{A19FA991-5794-4B00-8BA1-FE5A16589DDB}"
EndProject
Project("{FAE04EC0-301F-11D3-BF4B-00C04F79EFBC}") = "OperadoresLogicos1", "OperadoresLogicos1\OperadoresLogicos1.csproj", "{1F213796-A0A6-4CCC-8429-BF931CD331B7}"
EndProject
Project("{FAE04EC0-301F-11D3-BF4B-00C04F79EFBC}") = "PrecedenciasOperadores1", "PrecedenciasOperadores1\PrecedenciasOperadores1.csproj", "{6CDF30AC-CAED-4E83-A737-A7BFA0636397}"
EndProject
Project("{FAE04EC0-301F-11D3-BF4B-00C04F79EFBC}") = "TiposReferenciaAnulaveis1", "TiposReferenciaAnulaveis1\TiposReferenciaAnulaveis1.csproj", "{558ADE85-9ADA-414C-BF71-2267ED089CCF}"
EndProject
Project("{FAE04EC0-301F-11D3-BF4B-00C04F79EFBC}") = "OperadorUniarioTernario1", "OperadorUniarioTernario1\OperadorUniarioTernario1.csproj", "{54B54BEE-5817-4467-A74D-89D53199B88F}"
EndProject
Global
	GlobalSection(SolutionConfigurationPlatforms) = preSolution
		Debug|Any CPU = Debug|Any CPU
		Release|Any CPU = Release|Any CPU
	EndGlobalSection
	GlobalSection(ProjectConfigurationPlatforms) = postSolution
		{ED155111-34C4-4448-8947-140A77DA7EB2}.Debug|Any CPU.ActiveCfg = Debug|Any CPU
		{ED155111-34C4-4448-8947-140A77DA7EB2}.Debug|Any CPU.Build.0 = Debug|Any CPU
		{ED155111-34C4-4448-8947-140A77DA7EB2}.Release|Any CPU.ActiveCfg = Release|Any CPU
		{ED155111-34C4-4448-8947-140A77DA7EB2}.Release|Any CPU.Build.0 = Release|Any CPU
		{420573C0-D283-47E9-ABCA-CA83B9A7E0B6}.Debug|Any CPU.ActiveCfg = Debug|Any CPU
		{420573C0-D283-47E9-ABCA-CA83B9A7E0B6}.Debug|Any CPU.Build.0 = Debug|Any CPU
		{420573C0-D283-47E9-ABCA-CA83B9A7E0B6}.Release|Any CPU.ActiveCfg = Release|Any CPU
		{420573C0-D283-47E9-ABCA-CA83B9A7E0B6}.Release|Any CPU.Build.0 = Release|Any CPU
		{58580B85-2256-4717-91D4-CEB21D52EAF8}.Debug|Any CPU.ActiveCfg = Debug|Any CPU
		{58580B85-2256-4717-91D4-CEB21D52EAF8}.Debug|Any CPU.Build.0 = Debug|Any CPU
		{58580B85-2256-4717-91D4-CEB21D52EAF8}.Release|Any CPU.ActiveCfg = Release|Any CPU
		{58580B85-2256-4717-91D4-CEB21D52EAF8}.Release|Any CPU.Build.0 = Release|Any CPU
		{B96F99E6-A5B4-48AA-9BA7-D82C7281AB05}.Debug|Any CPU.ActiveCfg = Debug|Any CPU
		{B96F99E6-A5B4-48AA-9BA7-D82C7281AB05}.Debug|Any CPU.Build.0 = Debug|Any CPU
		{B96F99E6-A5B4-48AA-9BA7-D82C7281AB05}.Release|Any CPU.ActiveCfg = Release|Any CPU
		{B96F99E6-A5B4-48AA-9BA7-D82C7281AB05}.Release|Any CPU.Build.0 = Release|Any CPU
		{BC56FDFD-9D44-4D10-9FB7-2CDD6E1F28CF}.Debug|Any CPU.ActiveCfg = Debug|Any CPU
		{BC56FDFD-9D44-4D10-9FB7-2CDD6E1F28CF}.Debug|Any CPU.Build.0 = Debug|Any CPU
		{BC56FDFD-9D44-4D10-9FB7-2CDD6E1F28CF}.Release|Any CPU.ActiveCfg = Release|Any CPU
		{BC56FDFD-9D44-4D10-9FB7-2CDD6E1F28CF}.Release|Any CPU.Build.0 = Release|Any CPU
		{EF20BFDE-42EE-45B9-95D1-C4AD514B40B0}.Debug|Any CPU.ActiveCfg = Debug|Any CPU
		{EF20BFDE-42EE-45B9-95D1-C4AD514B40B0}.Debug|Any CPU.Build.0 = Debug|Any CPU
		{EF20BFDE-42EE-45B9-95D1-C4AD514B40B0}.Release|Any CPU.ActiveCfg = Release|Any CPU
		{EF20BFDE-42EE-45B9-95D1-C4AD514B40B0}.Release|Any CPU.Build.0 = Release|Any CPU
		{8053196F-B3FF-45E0-9813-7F056F17BD50}.Debug|Any CPU.ActiveCfg = Debug|Any CPU
		{8053196F-B3FF-45E0-9813-7F056F17BD50}.Debug|Any CPU.Build.0 = Debug|Any CPU
		{8053196F-B3FF-45E0-9813-7F056F17BD50}.Release|Any CPU.ActiveCfg = Release|Any CPU
		{8053196F-B3FF-45E0-9813-7F056F17BD50}.Release|Any CPU.Build.0 = Release|Any CPU
		{09B4930D-8403-4A08-ADAE-7654E28776FE}.Debug|Any CPU.ActiveCfg = Debug|Any CPU
		{09B4930D-8403-4A08-ADAE-7654E28776FE}.Debug|Any CPU.Build.0 = Debug|Any CPU
		{09B4930D-8403-4A08-ADAE-7654E28776FE}.Release|Any CPU.ActiveCfg = Release|Any CPU
		{09B4930D-8403-4A08-ADAE-7654E28776FE}.Release|Any CPU.Build.0 = Release|Any CPU
		{46215599-98FB-4E4E-BCA4-FCD6F3AC00DE}.Debug|Any CPU.ActiveCfg = Debug|Any CPU
		{46215599-98FB-4E4E-BCA4-FCD6F3AC00DE}.Debug|Any CPU.Build.0 = Debug|Any CPU
		{46215599-98FB-4E4E-BCA4-FCD6F3AC00DE}.Release|Any CPU.ActiveCfg = Release|Any CPU
		{46215599-98FB-4E4E-BCA4-FCD6F3AC00DE}.Release|Any CPU.Build.0 = Release|Any CPU
		{B79CABF4-A115-4125-83A4-F3AB598A9503}.Debug|Any CPU.ActiveCfg = Debug|Any CPU
		{B79CABF4-A115-4125-83A4-F3AB598A9503}.Debug|Any CPU.Build.0 = Debug|Any CPU
		{B79CABF4-A115-4125-83A4-F3AB598A9503}.Release|Any CPU.ActiveCfg = Release|Any CPU
		{B79CABF4-A115-4125-83A4-F3AB598A9503}.Release|Any CPU.Build.0 = Release|Any CPU
		{AD47257E-7E95-4FF0-AFD0-9ED6DC713DB5}.Debug|Any CPU.ActiveCfg = Debug|Any CPU
		{AD47257E-7E95-4FF0-AFD0-9ED6DC713DB5}.Debug|Any CPU.Build.0 = Debug|Any CPU
		{AD47257E-7E95-4FF0-AFD0-9ED6DC713DB5}.Release|Any CPU.ActiveCfg = Release|Any CPU
		{AD47257E-7E95-4FF0-AFD0-9ED6DC713DB5}.Release|Any CPU.Build.0 = Release|Any CPU
		{B99B66DB-9E32-4BA7-94AF-1BE58079B1CF}.Debug|Any CPU.ActiveCfg = Debug|Any CPU
		{B99B66DB-9E32-4BA7-94AF-1BE58079B1CF}.Debug|Any CPU.Build.0 = Debug|Any CPU
		{B99B66DB-9E32-4BA7-94AF-1BE58079B1CF}.Release|Any CPU.ActiveCfg = Release|Any CPU
		{B99B66DB-9E32-4BA7-94AF-1BE58079B1CF}.Release|Any CPU.Build.0 = Release|Any CPU
		{1699A3FA-A73E-4E77-9B7A-02CF6959F286}.Debug|Any CPU.ActiveCfg = Debug|Any CPU
		{1699A3FA-A73E-4E77-9B7A-02CF6959F286}.Debug|Any CPU.Build.0 = Debug|Any CPU
		{1699A3FA-A73E-4E77-9B7A-02CF6959F286}.Release|Any CPU.ActiveCfg = Release|Any CPU
		{1699A3FA-A73E-4E77-9B7A-02CF6959F286}.Release|Any CPU.Build.0 = Release|Any CPU
		{D8F36893-A3CE-4445-889B-A6931F8CC856}.Debug|Any CPU.ActiveCfg = Debug|Any CPU
		{D8F36893-A3CE-4445-889B-A6931F8CC856}.Debug|Any CPU.Build.0 = Debug|Any CPU
		{D8F36893-A3CE-4445-889B-A6931F8CC856}.Release|Any CPU.ActiveCfg = Release|Any CPU
		{D8F36893-A3CE-4445-889B-A6931F8CC856}.Release|Any CPU.Build.0 = Release|Any CPU
		{9018F114-4FD6-4CED-B0E7-3DB2B2BEE1D0}.Debug|Any CPU.ActiveCfg = Debug|Any CPU
		{9018F114-4FD6-4CED-B0E7-3DB2B2BEE1D0}.Debug|Any CPU.Build.0 = Debug|Any CPU
		{9018F114-4FD6-4CED-B0E7-3DB2B2BEE1D0}.Release|Any CPU.ActiveCfg = Release|Any CPU
		{9018F114-4FD6-4CED-B0E7-3DB2B2BEE1D0}.Release|Any CPU.Build.0 = Release|Any CPU
		{DB554E91-5E48-4B8B-AD91-F99AB13ECF5F}.Debug|Any CPU.ActiveCfg = Debug|Any CPU
		{DB554E91-5E48-4B8B-AD91-F99AB13ECF5F}.Debug|Any CPU.Build.0 = Debug|Any CPU
		{DB554E91-5E48-4B8B-AD91-F99AB13ECF5F}.Release|Any CPU.ActiveCfg = Release|Any CPU
		{DB554E91-5E48-4B8B-AD91-F99AB13ECF5F}.Release|Any CPU.Build.0 = Release|Any CPU
		{1E97B436-DEB6-402D-92E6-1C4686F473C5}.Debug|Any CPU.ActiveCfg = Debug|Any CPU
		{1E97B436-DEB6-402D-92E6-1C4686F473C5}.Debug|Any CPU.Build.0 = Debug|Any CPU
		{1E97B436-DEB6-402D-92E6-1C4686F473C5}.Release|Any CPU.ActiveCfg = Release|Any CPU
		{1E97B436-DEB6-402D-92E6-1C4686F473C5}.Release|Any CPU.Build.0 = Release|Any CPU
		{A19FA991-5794-4B00-8BA1-FE5A16589DDB}.Debug|Any CPU.ActiveCfg = Debug|Any CPU
		{A19FA991-5794-4B00-8BA1-FE5A16589DDB}.Debug|Any CPU.Build.0 = Debug|Any CPU
		{A19FA991-5794-4B00-8BA1-FE5A16589DDB}.Release|Any CPU.ActiveCfg = Release|Any CPU
		{A19FA991-5794-4B00-8BA1-FE5A16589DDB}.Release|Any CPU.Build.0 = Release|Any CPU
		{1F213796-A0A6-4CCC-8429-BF931CD331B7}.Debug|Any CPU.ActiveCfg = Debug|Any CPU
		{1F213796-A0A6-4CCC-8429-BF931CD331B7}.Debug|Any CPU.Build.0 = Debug|Any CPU
		{1F213796-A0A6-4CCC-8429-BF931CD331B7}.Release|Any CPU.ActiveCfg = Release|Any CPU
		{1F213796-A0A6-4CCC-8429-BF931CD331B7}.Release|Any CPU.Build.0 = Release|Any CPU
		{6CDF30AC-CAED-4E83-A737-A7BFA0636397}.Debug|Any CPU.ActiveCfg = Debug|Any CPU
		{6CDF30AC-CAED-4E83-A737-A7BFA0636397}.Debug|Any CPU.Build.0 = Debug|Any CPU
		{6CDF30AC-CAED-4E83-A737-A7BFA0636397}.Release|Any CPU.ActiveCfg = Release|Any CPU
		{6CDF30AC-CAED-4E83-A737-A7BFA0636397}.Release|Any CPU.Build.0 = Release|Any CPU
		{558ADE85-9ADA-414C-BF71-2267ED089CCF}.Debug|Any CPU.ActiveCfg = Debug|Any CPU
		{558ADE85-9ADA-414C-BF71-2267ED089CCF}.Debug|Any CPU.Build.0 = Debug|Any CPU
		{558ADE85-9ADA-414C-BF71-2267ED089CCF}.Release|Any CPU.ActiveCfg = Release|Any CPU
		{558ADE85-9ADA-414C-BF71-2267ED089CCF}.Release|Any CPU.Build.0 = Release|Any CPU
		{54B54BEE-5817-4467-A74D-89D53199B88F}.Debug|Any CPU.ActiveCfg = Debug|Any CPU
		{54B54BEE-5817-4467-A74D-89D53199B88F}.Debug|Any CPU.Build.0 = Debug|Any CPU
		{54B54BEE-5817-4467-A74D-89D53199B88F}.Release|Any CPU.ActiveCfg = Release|Any CPU
		{54B54BEE-5817-4467-A74D-89D53199B88F}.Release|Any CPU.Build.0 = Release|Any CPU
	EndGlobalSection
	GlobalSection(SolutionProperties) = preSolution
		HideSolutionNode = FALSE
	EndGlobalSection
	GlobalSection(ExtensibilityGlobals) = postSolution
		SolutionGuid = {4A1CA4A7-05D2-4B62-A1A5-67652E2F103A}
	EndGlobalSection
EndGlobal
